
Microsoft Visual Studio Solution File, Format Version 12.00
# Visual Studio Version 17
VisualStudioVersion = 17.2.32630.192
MinimumVisualStudioVersion = 10.0.40219.1
Project("{FAE04EC0-301F-11D3-BF4B-00C04F79EFBC}") = "MoM_Web", "MoM_Web.csproj", "{409670CE-118F-4136-A40E-5C08CA6AA0CA}"
EndProject
Global
	GlobalSection(SolutionConfigurationPlatforms) = preSolution
		Debug|Any CPU = Debug|Any CPU
		Release|Any CPU = Release|Any CPU
	EndGlobalSection
	GlobalSection(ProjectConfigurationPlatforms) = postSolution
		{409670CE-118F-4136-A40E-5C08CA6AA0CA}.Debug|Any CPU.ActiveCfg = Debug|Any CPU
		{409670CE-118F-4136-A40E-5C08CA6AA0CA}.Debug|Any CPU.Build.0 = Debug|Any CPU
		{409670CE-118F-4136-A40E-5C08CA6AA0CA}.Release|Any CPU.ActiveCfg = Release|Any CPU
		{409670CE-118F-4136-A40E-5C08CA6AA0CA}.Release|Any CPU.Build.0 = Release|Any CPU
	EndGlobalSection
	GlobalSection(SolutionProperties) = preSolution
		HideSolutionNode = FALSE
	EndGlobalSection
	GlobalSection(ExtensibilityGlobals) = postSolution
		SolutionGuid = {B3FCCAB6-FB26-454E-815C-F3D31AA9C106}
	EndGlobalSection
EndGlobal
