
Microsoft Visual Studio Solution File, Format Version 12.00
# Visual Studio Version 17
VisualStudioVersion = 17.2.32630.192
MinimumVisualStudioVersion = 10.0.40219.1
Project("{FAE04EC0-301F-11D3-BF4B-00C04F79EFBC}") = "MindOverMatterRestAPI", "MindOverMatterRestAPI\MindOverMatterRestAPI.csproj", "{00A8D7CF-D792-4B6A-B95B-4CF2AE7C4A56}"
EndProject
Global
	GlobalSection(SolutionConfigurationPlatforms) = preSolution
		Debug|Any CPU = Debug|Any CPU
		Release|Any CPU = Release|Any CPU
	EndGlobalSection
	GlobalSection(ProjectConfigurationPlatforms) = postSolution
		{00A8D7CF-D792-4B6A-B95B-4CF2AE7C4A56}.Debug|Any CPU.ActiveCfg = Debug|Any CPU
		{00A8D7CF-D792-4B6A-B95B-4CF2AE7C4A56}.Debug|Any CPU.Build.0 = Debug|Any CPU
		{00A8D7CF-D792-4B6A-B95B-4CF2AE7C4A56}.Release|Any CPU.ActiveCfg = Release|Any CPU
		{00A8D7CF-D792-4B6A-B95B-4CF2AE7C4A56}.Release|Any CPU.Build.0 = Release|Any CPU
	EndGlobalSection
	GlobalSection(SolutionProperties) = preSolution
		HideSolutionNode = FALSE
	EndGlobalSection
	GlobalSection(ExtensibilityGlobals) = postSolution
		SolutionGuid = {D6A1AF74-F0F2-4DF2-8578-0BB97B83F7A5}
	EndGlobalSection
EndGlobal
